
Microsoft Visual Studio Solution File, Format Version 12.00
# Visual Studio 15
VisualStudioVersion = 15.0.26430.13
MinimumVisualStudioVersion = 10.0.40219.1
Project("{FAE04EC0-301F-11D3-BF4B-00C04F79EFBC}") = "02.ReverseString", "02.ReverseString\02.ReverseString.csproj", "{72F7CC0D-0CF4-4590-B344-DEB43F74540E}"
EndProject
Project("{FAE04EC0-301F-11D3-BF4B-00C04F79EFBC}") = "03.CorrectBracketsANDTests", "03.CorrectBracketsANDTests\03.CorrectBracketsANDTests.csproj", "{E9AE0F63-3444-4687-93F1-C9EACFB095BE}"
EndProject
Project("{FAE04EC0-301F-11D3-BF4B-00C04F79EFBC}") = "04.Sub-stringInText", "04.Sub-stringInText\04.Sub-stringInText.csproj", "{C396675D-F8BE-429B-BCA4-D9D73D133128}"
EndProject
Project("{FAE04EC0-301F-11D3-BF4B-00C04F79EFBC}") = "05.ParseTags", "05.ParseTags\05.ParseTags.csproj", "{B6151FC9-049B-4216-8F1B-8206F88BA68D}"
EndProject
Project("{FAE04EC0-301F-11D3-BF4B-00C04F79EFBC}") = "06.StringLength", "06.StringLength\06.StringLength.csproj", "{68E2AA4C-A502-4D64-8038-8BDBE42472D0}"
EndProject
Project("{FAE04EC0-301F-11D3-BF4B-00C04F79EFBC}") = "08.ExtractSentences", "08.ExtractSentences\08.ExtractSentences.csproj", "{54B78848-FA42-4C3A-A166-8EC8611F3E7F}"
EndProject
Project("{FAE04EC0-301F-11D3-BF4B-00C04F79EFBC}") = "08.ExtractSentences-REDONE", "08.ExtractSentences-REDONE\08.ExtractSentences-REDONE.csproj", "{A87EA894-1B90-4EC3-8629-B25587979E0F}"
EndProject
Project("{FAE04EC0-301F-11D3-BF4B-00C04F79EFBC}") = "09.ForbiddenWords", "09.ForbiddenWords\09.ForbiddenWords.csproj", "{CB46D6BD-28F4-4CBE-8870-ED369788AF15}"
EndProject
Project("{FAE04EC0-301F-11D3-BF4B-00C04F79EFBC}") = "10.UnicodeCharacters", "10.UnicodeCharacters\10.UnicodeCharacters.csproj", "{2F606A05-6422-4DA4-87C7-BC9DD9FE8812}"
EndProject
Project("{FAE04EC0-301F-11D3-BF4B-00C04F79EFBC}") = "00.Demo", "00.Demo\00.Demo.csproj", "{06117CAC-C300-481E-B261-F1ED202E2B78}"
EndProject
Project("{FAE04EC0-301F-11D3-BF4B-00C04F79EFBC}") = "12.ParseURL", "12.ParseURL\12.ParseURL.csproj", "{630C855C-750F-429E-A3C5-A4EB30DD76F0}"
EndProject
Global
	GlobalSection(SolutionConfigurationPlatforms) = preSolution
		Debug|Any CPU = Debug|Any CPU
		Release|Any CPU = Release|Any CPU
	EndGlobalSection
	GlobalSection(ProjectConfigurationPlatforms) = postSolution
		{72F7CC0D-0CF4-4590-B344-DEB43F74540E}.Debug|Any CPU.ActiveCfg = Debug|Any CPU
		{72F7CC0D-0CF4-4590-B344-DEB43F74540E}.Debug|Any CPU.Build.0 = Debug|Any CPU
		{72F7CC0D-0CF4-4590-B344-DEB43F74540E}.Release|Any CPU.ActiveCfg = Release|Any CPU
		{72F7CC0D-0CF4-4590-B344-DEB43F74540E}.Release|Any CPU.Build.0 = Release|Any CPU
		{E9AE0F63-3444-4687-93F1-C9EACFB095BE}.Debug|Any CPU.ActiveCfg = Debug|Any CPU
		{E9AE0F63-3444-4687-93F1-C9EACFB095BE}.Debug|Any CPU.Build.0 = Debug|Any CPU
		{E9AE0F63-3444-4687-93F1-C9EACFB095BE}.Release|Any CPU.ActiveCfg = Release|Any CPU
		{E9AE0F63-3444-4687-93F1-C9EACFB095BE}.Release|Any CPU.Build.0 = Release|Any CPU
		{C396675D-F8BE-429B-BCA4-D9D73D133128}.Debug|Any CPU.ActiveCfg = Debug|Any CPU
		{C396675D-F8BE-429B-BCA4-D9D73D133128}.Debug|Any CPU.Build.0 = Debug|Any CPU
		{C396675D-F8BE-429B-BCA4-D9D73D133128}.Release|Any CPU.ActiveCfg = Release|Any CPU
		{C396675D-F8BE-429B-BCA4-D9D73D133128}.Release|Any CPU.Build.0 = Release|Any CPU
		{B6151FC9-049B-4216-8F1B-8206F88BA68D}.Debug|Any CPU.ActiveCfg = Debug|Any CPU
		{B6151FC9-049B-4216-8F1B-8206F88BA68D}.Debug|Any CPU.Build.0 = Debug|Any CPU
		{B6151FC9-049B-4216-8F1B-8206F88BA68D}.Release|Any CPU.ActiveCfg = Release|Any CPU
		{B6151FC9-049B-4216-8F1B-8206F88BA68D}.Release|Any CPU.Build.0 = Release|Any CPU
		{68E2AA4C-A502-4D64-8038-8BDBE42472D0}.Debug|Any CPU.ActiveCfg = Debug|Any CPU
		{68E2AA4C-A502-4D64-8038-8BDBE42472D0}.Debug|Any CPU.Build.0 = Debug|Any CPU
		{68E2AA4C-A502-4D64-8038-8BDBE42472D0}.Release|Any CPU.ActiveCfg = Release|Any CPU
		{68E2AA4C-A502-4D64-8038-8BDBE42472D0}.Release|Any CPU.Build.0 = Release|Any CPU
		{54B78848-FA42-4C3A-A166-8EC8611F3E7F}.Debug|Any CPU.ActiveCfg = Debug|Any CPU
		{54B78848-FA42-4C3A-A166-8EC8611F3E7F}.Debug|Any CPU.Build.0 = Debug|Any CPU
		{54B78848-FA42-4C3A-A166-8EC8611F3E7F}.Release|Any CPU.ActiveCfg = Release|Any CPU
		{54B78848-FA42-4C3A-A166-8EC8611F3E7F}.Release|Any CPU.Build.0 = Release|Any CPU
		{A87EA894-1B90-4EC3-8629-B25587979E0F}.Debug|Any CPU.ActiveCfg = Debug|Any CPU
		{A87EA894-1B90-4EC3-8629-B25587979E0F}.Debug|Any CPU.Build.0 = Debug|Any CPU
		{A87EA894-1B90-4EC3-8629-B25587979E0F}.Release|Any CPU.ActiveCfg = Release|Any CPU
		{A87EA894-1B90-4EC3-8629-B25587979E0F}.Release|Any CPU.Build.0 = Release|Any CPU
		{CB46D6BD-28F4-4CBE-8870-ED369788AF15}.Debug|Any CPU.ActiveCfg = Debug|Any CPU
		{CB46D6BD-28F4-4CBE-8870-ED369788AF15}.Debug|Any CPU.Build.0 = Debug|Any CPU
		{CB46D6BD-28F4-4CBE-8870-ED369788AF15}.Release|Any CPU.ActiveCfg = Release|Any CPU
		{CB46D6BD-28F4-4CBE-8870-ED369788AF15}.Release|Any CPU.Build.0 = Release|Any CPU
		{2F606A05-6422-4DA4-87C7-BC9DD9FE8812}.Debug|Any CPU.ActiveCfg = Debug|Any CPU
		{2F606A05-6422-4DA4-87C7-BC9DD9FE8812}.Debug|Any CPU.Build.0 = Debug|Any CPU
		{2F606A05-6422-4DA4-87C7-BC9DD9FE8812}.Release|Any CPU.ActiveCfg = Release|Any CPU
		{2F606A05-6422-4DA4-87C7-BC9DD9FE8812}.Release|Any CPU.Build.0 = Release|Any CPU
		{06117CAC-C300-481E-B261-F1ED202E2B78}.Debug|Any CPU.ActiveCfg = Debug|Any CPU
		{06117CAC-C300-481E-B261-F1ED202E2B78}.Debug|Any CPU.Build.0 = Debug|Any CPU
		{06117CAC-C300-481E-B261-F1ED202E2B78}.Release|Any CPU.ActiveCfg = Release|Any CPU
		{06117CAC-C300-481E-B261-F1ED202E2B78}.Release|Any CPU.Build.0 = Release|Any CPU
		{630C855C-750F-429E-A3C5-A4EB30DD76F0}.Debug|Any CPU.ActiveCfg = Debug|Any CPU
		{630C855C-750F-429E-A3C5-A4EB30DD76F0}.Debug|Any CPU.Build.0 = Debug|Any CPU
		{630C855C-750F-429E-A3C5-A4EB30DD76F0}.Release|Any CPU.ActiveCfg = Release|Any CPU
		{630C855C-750F-429E-A3C5-A4EB30DD76F0}.Release|Any CPU.Build.0 = Release|Any CPU
	EndGlobalSection
	GlobalSection(SolutionProperties) = preSolution
		HideSolutionNode = FALSE
	EndGlobalSection
EndGlobal
